
Microsoft Visual Studio Solution File, Format Version 12.00
# Visual Studio Version 16
VisualStudioVersion = 16.0.29613.14
MinimumVisualStudioVersion = 10.0.40219.1
Project("{FAE04EC0-301F-11D3-BF4B-00C04F79EFBC}") = "TemSharp", "TemSharp\TemSharp.csproj", "{2F633F85-985C-4E5C-9358-94371F449C3C}"
EndProject
Project("{9A19103F-16F7-4668-BE54-9A1E7A4F7556}") = "SharpMonoInjector", "SharpMonoInjector\src\SharpMonoInjector\SharpMonoInjector.csproj", "{67CEBA58-22E8-4B2B-88CE-73B7733A0536}"
EndProject
Project("{FAE04EC0-301F-11D3-BF4B-00C04F79EFBC}") = "TemSharp.Loader", "TemSharp.Loader\TemSharp.Loader.csproj", "{0F80D276-805D-4AA6-8D46-BE6333553960}"
EndProject
Project("{FAE04EC0-301F-11D3-BF4B-00C04F79EFBC}") = "TemBot", "TemBot\TemBot.csproj", "{ED617D8D-10D6-4504-8213-C024ACBEFAD4}"
EndProject
Project("{FAE04EC0-301F-11D3-BF4B-00C04F79EFBC}") = "TemCleaner", "TemCleaner\TemCleaner.csproj", "{B92016E8-ED1F-4CF1-A6D4-270DACFD56D4}"
EndProject
Global
	GlobalSection(SolutionConfigurationPlatforms) = preSolution
		Debug|x64 = Debug|x64
		Release|x64 = Release|x64
	EndGlobalSection
	GlobalSection(ProjectConfigurationPlatforms) = postSolution
		{2F633F85-985C-4E5C-9358-94371F449C3C}.Debug|x64.ActiveCfg = Debug|x64
		{2F633F85-985C-4E5C-9358-94371F449C3C}.Debug|x64.Build.0 = Debug|x64
		{2F633F85-985C-4E5C-9358-94371F449C3C}.Release|x64.ActiveCfg = Release|x64
		{2F633F85-985C-4E5C-9358-94371F449C3C}.Release|x64.Build.0 = Release|x64
		{67CEBA58-22E8-4B2B-88CE-73B7733A0536}.Debug|x64.ActiveCfg = Debug|Any CPU
		{67CEBA58-22E8-4B2B-88CE-73B7733A0536}.Debug|x64.Build.0 = Debug|Any CPU
		{67CEBA58-22E8-4B2B-88CE-73B7733A0536}.Release|x64.ActiveCfg = Release|Any CPU
		{67CEBA58-22E8-4B2B-88CE-73B7733A0536}.Release|x64.Build.0 = Release|Any CPU
		{0F80D276-805D-4AA6-8D46-BE6333553960}.Debug|x64.ActiveCfg = Debug|x64
		{0F80D276-805D-4AA6-8D46-BE6333553960}.Debug|x64.Build.0 = Debug|x64
		{0F80D276-805D-4AA6-8D46-BE6333553960}.Release|x64.ActiveCfg = Release|x64
		{0F80D276-805D-4AA6-8D46-BE6333553960}.Release|x64.Build.0 = Release|x64
		{ED617D8D-10D6-4504-8213-C024ACBEFAD4}.Debug|x64.ActiveCfg = Debug|x64
		{ED617D8D-10D6-4504-8213-C024ACBEFAD4}.Debug|x64.Build.0 = Debug|x64
		{ED617D8D-10D6-4504-8213-C024ACBEFAD4}.Release|x64.ActiveCfg = Release|x64
		{ED617D8D-10D6-4504-8213-C024ACBEFAD4}.Release|x64.Build.0 = Release|x64
		{B92016E8-ED1F-4CF1-A6D4-270DACFD56D4}.Debug|x64.ActiveCfg = Debug|x64
		{B92016E8-ED1F-4CF1-A6D4-270DACFD56D4}.Debug|x64.Build.0 = Debug|x64
		{B92016E8-ED1F-4CF1-A6D4-270DACFD56D4}.Release|x64.ActiveCfg = Release|x64
		{B92016E8-ED1F-4CF1-A6D4-270DACFD56D4}.Release|x64.Build.0 = Release|x64
	EndGlobalSection
	GlobalSection(SolutionProperties) = preSolution
		HideSolutionNode = FALSE
	EndGlobalSection
	GlobalSection(ExtensibilityGlobals) = postSolution
		SolutionGuid = {A6F907B1-F0AE-4FF7-8161-4DEE96194E90}
	EndGlobalSection
EndGlobal
